{
    "version": "0.5",
    "requires": [
        "zstd/1.5.7#869aa3dd7137f15614d30dd86b98f6e6%1760941404.7205272",
        "zlib/1.3.1#b8bc2603263cf7eccbd6e17e66b0ed76%1733936244.862",
        "termcap/1.3.1#479400c750a869f77b3d2d3a82e06f7d%1761473559.1994867",
        "readline/8.2#d9ef16b67d31740280a52dd110a73386%1755701868.277",
        "openssl/3.6.0#89e8af1d4a21afcac0557079d23d8890%1759746682.365",
        "lz4/1.9.4#4ed63aa8e019d795cd3b8c0d2dd66cda%1743433190.812",
        "libxslt/1.1.43#8aa5992f71fced127259d0c44e422c7f%1752848421.039",
        "libxml2/2.15.0#8d852c332225c0aa07a723fba8bcd0f5%1759824466.773",
        "libpq/17.5#c721ebe7a5c0b2c28017655947ee3ea2%1760534946.2855446",
        "libiconv/1.17#1e65319e945f2d31941a9d28cc13c058%1751451666.321"
    ],
    "build_requires": [
        "pkgconf/2.2.0#4ac315b50ef734072b00ff3aacbf52bf%1755505628.021",
        "ninja/1.13.1#294f8721dbcde145674f7ba44994700e%1753400352.374",
        "meson/1.9.1#abbc783cd297bedce14581b4aec060b8%1758626166.349",
        "m4/1.4.19#b38ced39a01e31fef5435bc634461fd2%1700758725.451",
        "gnu-config/cci.20210814#69fde734e1a46fd1655b4af46ab40945%1746203214.947",
        "flex/2.6.4#64789130658cbad3e5210b1cb317249e%1761206522.0890596",
        "cmake/4.1.2#71e7d1fe41e6c644d602c7e4bdbac291%1759423783.444",
        "bison/3.8.2#c3490cbe0078b6fd3eb4cf5ed64144dc%1755688988.644"
    ],
    "python_requires": [],
    "config_requires": []
}